
Microsoft Visual Studio Solution File, Format Version 12.00
# Visual Studio Version 17
VisualStudioVersion = 17.5.002.0
MinimumVisualStudioVersion = 10.0.40219.1
Project("{9A19103F-16F7-4668-BE54-9A1E7A4F7556}") = "src", "src\src.csproj", "{5DA056C6-DB32-4013-AE0A-100F38067E4D}"
EndProject
Global
	GlobalSection(SolutionConfigurationPlatforms) = preSolution
		Debug|Any CPU = Debug|Any CPU
		Release|Any CPU = Release|Any CPU
	EndGlobalSection
	GlobalSection(ProjectConfigurationPlatforms) = postSolution
		{5DA056C6-DB32-4013-AE0A-100F38067E4D}.Debug|Any CPU.ActiveCfg = Debug|Any CPU
		{5DA056C6-DB32-4013-AE0A-100F38067E4D}.Debug|Any CPU.Build.0 = Debug|Any CPU
		{5DA056C6-DB32-4013-AE0A-100F38067E4D}.Release|Any CPU.ActiveCfg = Release|Any CPU
		{5DA056C6-DB32-4013-AE0A-100F38067E4D}.Release|Any CPU.Build.0 = Release|Any CPU
	EndGlobalSection
	GlobalSection(SolutionProperties) = preSolution
		HideSolutionNode = FALSE
	EndGlobalSection
	GlobalSection(ExtensibilityGlobals) = postSolution
		SolutionGuid = {9A49108B-EAB4-41A2-BE10-A68AE2B7EE97}
	EndGlobalSection
EndGlobal
