
Microsoft Visual Studio Solution File, Format Version 12.00
Project("{FAE04EC0-301F-11D3-BF4B-00C04F79EFBC}") = "Trafikk", "Trafikk\Trafikk.csproj", "{652AB4A6-73B9-4314-A5A3-347D55AF946E}"
EndProject
Global
	GlobalSection(SolutionConfigurationPlatforms) = preSolution
		Debug|Any CPU = Debug|Any CPU
		Release|Any CPU = Release|Any CPU
	EndGlobalSection
	GlobalSection(ProjectConfigurationPlatforms) = postSolution
		{652AB4A6-73B9-4314-A5A3-347D55AF946E}.Debug|Any CPU.ActiveCfg = Debug|Any CPU
		{652AB4A6-73B9-4314-A5A3-347D55AF946E}.Debug|Any CPU.Build.0 = Debug|Any CPU
		{652AB4A6-73B9-4314-A5A3-347D55AF946E}.Release|Any CPU.ActiveCfg = Release|Any CPU
		{652AB4A6-73B9-4314-A5A3-347D55AF946E}.Release|Any CPU.Build.0 = Release|Any CPU
	EndGlobalSection
EndGlobal
